// !$*UTF8*$!
{
	archiveVersion = 1;
	classes = {
	};
	objectVersion = 51;
	objects = {

/* Begin PBXBuildFile section */
		1404509426096FA300359D6D /* AppDelegate.swift in Sources */ = {isa = PBXBuildFile; fileRef = 1404509326096FA300359D6D /* AppDelegate.swift */; };
		1404509626096FA300359D6D /* SceneDelegate.swift in Sources */ = {isa = PBXBuildFile; fileRef = 1404509526096FA300359D6D /* SceneDelegate.swift */; };
		1404509B26096FA300359D6D /* Main.storyboard in Resources */ = {isa = PBXBuildFile; fileRef = 1404509926096FA300359D6D /* Main.storyboard */; };
		1404509D26096FA700359D6D /* Assets.xcassets in Resources */ = {isa = PBXBuildFile; fileRef = 1404509C26096FA700359D6D /* Assets.xcassets */; };
		140450A026096FA700359D6D /* LaunchScreen.storyboard in Resources */ = {isa = PBXBuildFile; fileRef = 1404509E26096FA700359D6D /* LaunchScreen.storyboard */; };
		140450B8260AD59D00359D6D /* APIManager.swift in Sources */ = {isa = PBXBuildFile; fileRef = 140450B7260AD59D00359D6D /* APIManager.swift */; };
		140450BC260AD5F200359D6D /* APIConstants.swift in Sources */ = {isa = PBXBuildFile; fileRef = 140450BB260AD5F200359D6D /* APIConstants.swift */; };
		140450BF260AD6CE00359D6D /* APIAccessToken.swift in Sources */ = {isa = PBXBuildFile; fileRef = 140450BE260AD6CE00359D6D /* APIAccessToken.swift */; };
		140450C2260ADC8C00359D6D /* LoginViewController.swift in Sources */ = {isa = PBXBuildFile; fileRef = 140450C1260ADC8C00359D6D /* LoginViewController.swift */; };
		140450CE260B8A0F00359D6D /* SecureStore.swift in Sources */ = {isa = PBXBuildFile; fileRef = 140450CD260B8A0E00359D6D /* SecureStore.swift */; };
		140450D1260B8A2C00359D6D /* SecureStoreError.swift in Sources */ = {isa = PBXBuildFile; fileRef = 140450D0260B8A2C00359D6D /* SecureStoreError.swift */; };
		140450D4260B8A4F00359D6D /* SecureStoreQueryable.swift in Sources */ = {isa = PBXBuildFile; fileRef = 140450D3260B8A4F00359D6D /* SecureStoreQueryable.swift */; };
		140450DA260BEB6700359D6D /* APITokenManager.swift in Sources */ = {isa = PBXBuildFile; fileRef = 140450D9260BEB6700359D6D /* APITokenManager.swift */; };
		140450DF260BF17D00359D6D /* APINetworkLogger.swift in Sources */ = {isa = PBXBuildFile; fileRef = 140450DE260BF17D00359D6D /* APINetworkLogger.swift */; };
		140450E4260C0B3000359D6D /* DesignableView.swift in Sources */ = {isa = PBXBuildFile; fileRef = 140450E3260C0B3000359D6D /* DesignableView.swift */; };
		140450E8260C119400359D6D /* APIRouter.swift in Sources */ = {isa = PBXBuildFile; fileRef = 140450E7260C119400359D6D /* APIRouter.swift */; };
		140450EB260C155100359D6D /* APIRequestInterceptor.swift in Sources */ = {isa = PBXBuildFile; fileRef = 140450EA260C155100359D6D /* APIRequestInterceptor.swift */; };
		140450EE260C1F9200359D6D /* StartViewController.swift in Sources */ = {isa = PBXBuildFile; fileRef = 140450ED260C1F9200359D6D /* StartViewController.swift */; };
		140450F1260C2B4600359D6D /* ScannerViewController.swift in Sources */ = {isa = PBXBuildFile; fileRef = 140450F0260C2B4600359D6D /* ScannerViewController.swift */; };
		140450F4260CEF3D00359D6D /* CommentsTableViewController.swift in Sources */ = {isa = PBXBuildFile; fileRef = 140450F3260CEF3D00359D6D /* CommentsTableViewController.swift */; };
		140450F8260CF74300359D6D /* Comment.swift in Sources */ = {isa = PBXBuildFile; fileRef = 140450F7260CF74300359D6D /* Comment.swift */; };
		1404510D260E70DF00359D6D /* CommentViewTableViewCell.swift in Sources */ = {isa = PBXBuildFile; fileRef = 1404510C260E70DF00359D6D /* CommentViewTableViewCell.swift */; };
		14045128260EDEC100359D6D /* ViewControllerExtension.swift in Sources */ = {isa = PBXBuildFile; fileRef = 14045127260EDEC100359D6D /* ViewControllerExtension.swift */; };
		94076A00A880CA211FD21D5C /* Pods_GistApp.framework in Frameworks */ = {isa = PBXBuildFile; fileRef = 563F9DAD366A1204FDFDBDDA /* Pods_GistApp.framework */; };
/* End PBXBuildFile section */

/* Begin PBXFileReference section */
		1404509026096FA300359D6D /* GistApp.app */ = {isa = PBXFileReference; explicitFileType = wrapper.application; includeInIndex = 0; path = GistApp.app; sourceTree = BUILT_PRODUCTS_DIR; };
		1404509326096FA300359D6D /* AppDelegate.swift */ = {isa = PBXFileReference; lastKnownFileType = sourcecode.swift; path = AppDelegate.swift; sourceTree = "<group>"; };
		1404509526096FA300359D6D /* SceneDelegate.swift */ = {isa = PBXFileReference; lastKnownFileType = sourcecode.swift; path = SceneDelegate.swift; sourceTree = "<group>"; };
		1404509A26096FA300359D6D /* Base */ = {isa = PBXFileReference; lastKnownFileType = file.storyboard; name = Base; path = Base.lproj/Main.storyboard; sourceTree = "<group>"; };
		1404509C26096FA700359D6D /* Assets.xcassets */ = {isa = PBXFileReference; lastKnownFileType = folder.assetcatalog; path = Assets.xcassets; sourceTree = "<group>"; };
		1404509F26096FA700359D6D /* Base */ = {isa = PBXFileReference; lastKnownFileType = file.storyboard; name = Base; path = Base.lproj/LaunchScreen.storyboard; sourceTree = "<group>"; };
		140450A126096FA700359D6D /* Info.plist */ = {isa = PBXFileReference; lastKnownFileType = text.plist.xml; path = Info.plist; sourceTree = "<group>"; };
		140450B7260AD59D00359D6D /* APIManager.swift */ = {isa = PBXFileReference; lastKnownFileType = sourcecode.swift; path = APIManager.swift; sourceTree = "<group>"; };
		140450BB260AD5F200359D6D /* APIConstants.swift */ = {isa = PBXFileReference; lastKnownFileType = sourcecode.swift; path = APIConstants.swift; sourceTree = "<group>"; };
		140450BE260AD6CE00359D6D /* APIAccessToken.swift */ = {isa = PBXFileReference; lastKnownFileType = sourcecode.swift; path = APIAccessToken.swift; sourceTree = "<group>"; };
		140450C1260ADC8C00359D6D /* LoginViewController.swift */ = {isa = PBXFileReference; lastKnownFileType = sourcecode.swift; path = LoginViewController.swift; sourceTree = "<group>"; };
		140450CD260B8A0E00359D6D /* SecureStore.swift */ = {isa = PBXFileReference; lastKnownFileType = sourcecode.swift; path = SecureStore.swift; sourceTree = "<group>"; };
		140450D0260B8A2C00359D6D /* SecureStoreError.swift */ = {isa = PBXFileReference; lastKnownFileType = sourcecode.swift; path = SecureStoreError.swift; sourceTree = "<group>"; };
		140450D3260B8A4F00359D6D /* SecureStoreQueryable.swift */ = {isa = PBXFileReference; lastKnownFileType = sourcecode.swift; path = SecureStoreQueryable.swift; sourceTree = "<group>"; };
		140450D9260BEB6700359D6D /* APITokenManager.swift */ = {isa = PBXFileReference; lastKnownFileType = sourcecode.swift; path = APITokenManager.swift; sourceTree = "<group>"; };
		140450DE260BF17D00359D6D /* APINetworkLogger.swift */ = {isa = PBXFileReference; lastKnownFileType = sourcecode.swift; path = APINetworkLogger.swift; sourceTree = "<group>"; };
		140450E3260C0B3000359D6D /* DesignableView.swift */ = {isa = PBXFileReference; lastKnownFileType = sourcecode.swift; path = DesignableView.swift; sourceTree = "<group>"; };
		140450E7260C119400359D6D /* APIRouter.swift */ = {isa = PBXFileReference; lastKnownFileType = sourcecode.swift; path = APIRouter.swift; sourceTree = "<group>"; };
		140450EA260C155100359D6D /* APIRequestInterceptor.swift */ = {isa = PBXFileReference; lastKnownFileType = sourcecode.swift; path = APIRequestInterceptor.swift; sourceTree = "<group>"; };
		140450ED260C1F9200359D6D /* StartViewController.swift */ = {isa = PBXFileReference; lastKnownFileType = sourcecode.swift; path = StartViewController.swift; sourceTree = "<group>"; };
		140450F0260C2B4600359D6D /* ScannerViewController.swift */ = {isa = PBXFileReference; lastKnownFileType = sourcecode.swift; path = ScannerViewController.swift; sourceTree = "<group>"; };
		140450F3260CEF3D00359D6D /* CommentsTableViewController.swift */ = {isa = PBXFileReference; lastKnownFileType = sourcecode.swift; path = CommentsTableViewController.swift; sourceTree = "<group>"; };
		140450F7260CF74300359D6D /* Comment.swift */ = {isa = PBXFileReference; lastKnownFileType = sourcecode.swift; path = Comment.swift; sourceTree = "<group>"; };
		1404510C260E70DF00359D6D /* CommentViewTableViewCell.swift */ = {isa = PBXFileReference; lastKnownFileType = sourcecode.swift; path = CommentViewTableViewCell.swift; sourceTree = "<group>"; };
		14045127260EDEC100359D6D /* ViewControllerExtension.swift */ = {isa = PBXFileReference; lastKnownFileType = sourcecode.swift; path = ViewControllerExtension.swift; sourceTree = "<group>"; };
		2749DD04A55CE45FB24476BC /* Pods-GistApp.release.xcconfig */ = {isa = PBXFileReference; includeInIndex = 1; lastKnownFileType = text.xcconfig; name = "Pods-GistApp.release.xcconfig"; path = "Target Support Files/Pods-GistApp/Pods-GistApp.release.xcconfig"; sourceTree = "<group>"; };
		563F9DAD366A1204FDFDBDDA /* Pods_GistApp.framework */ = {isa = PBXFileReference; explicitFileType = wrapper.framework; includeInIndex = 0; path = Pods_GistApp.framework; sourceTree = BUILT_PRODUCTS_DIR; };
		6B2679F91720EDEA1F63D0EC /* Pods-GistApp.debug.xcconfig */ = {isa = PBXFileReference; includeInIndex = 1; lastKnownFileType = text.xcconfig; name = "Pods-GistApp.debug.xcconfig"; path = "Target Support Files/Pods-GistApp/Pods-GistApp.debug.xcconfig"; sourceTree = "<group>"; };
/* End PBXFileReference section */

/* Begin PBXFrameworksBuildPhase section */
		1404508D26096FA200359D6D /* Frameworks */ = {
			isa = PBXFrameworksBuildPhase;
			buildActionMask = 2147483647;
			files = (
				94076A00A880CA211FD21D5C /* Pods_GistApp.framework in Frameworks */,
			);
			runOnlyForDeploymentPostprocessing = 0;
		};
/* End PBXFrameworksBuildPhase section */

/* Begin PBXGroup section */
		1404508726096FA200359D6D = {
			isa = PBXGroup;
			children = (
				1404509226096FA300359D6D /* GistApp */,
				1404509126096FA300359D6D /* Products */,
				6C4BF4D159AC96DA638BAC95 /* Pods */,
				4C54C80886DFA8683C0E301D /* Frameworks */,
			);
			sourceTree = "<group>";
		};
		1404509126096FA300359D6D /* Products */ = {
			isa = PBXGroup;
			children = (
				1404509026096FA300359D6D /* GistApp.app */,
			);
			name = Products;
			sourceTree = "<group>";
		};
		1404509226096FA300359D6D /* GistApp */ = {
			isa = PBXGroup;
			children = (
				140450DD260BEE3B00359D6D /* Model */,
				140450B2260AD20300359D6D /* Networking */,
				140450B1260AD1CD00359D6D /* SecureStore */,
				140450E2260C0B0200359D6D /* Util */,
				140450C4260ADC9600359D6D /* ViewController */,
				14045111260E710F00359D6D /* View */,
				1404509326096FA300359D6D /* AppDelegate.swift */,
				1404509526096FA300359D6D /* SceneDelegate.swift */,
				1404509926096FA300359D6D /* Main.storyboard */,
				1404509E26096FA700359D6D /* LaunchScreen.storyboard */,
				1404509C26096FA700359D6D /* Assets.xcassets */,
				140450A126096FA700359D6D /* Info.plist */,
			);
			path = GistApp;
			sourceTree = "<group>";
		};
		140450B1260AD1CD00359D6D /* SecureStore */ = {
			isa = PBXGroup;
			children = (
				140450CD260B8A0E00359D6D /* SecureStore.swift */,
				140450D0260B8A2C00359D6D /* SecureStoreError.swift */,
				140450D3260B8A4F00359D6D /* SecureStoreQueryable.swift */,
			);
			path = SecureStore;
			sourceTree = "<group>";
		};
		140450B2260AD20300359D6D /* Networking */ = {
			isa = PBXGroup;
			children = (
				140450B6260AD54C00359D6D /* Oauth */,
				140450B7260AD59D00359D6D /* APIManager.swift */,
				140450DE260BF17D00359D6D /* APINetworkLogger.swift */,
				140450E7260C119400359D6D /* APIRouter.swift */,
				140450EA260C155100359D6D /* APIRequestInterceptor.swift */,
			);
			path = Networking;
			sourceTree = "<group>";
		};
		140450B6260AD54C00359D6D /* Oauth */ = {
			isa = PBXGroup;
			children = (
				140450BB260AD5F200359D6D /* APIConstants.swift */,
				140450BE260AD6CE00359D6D /* APIAccessToken.swift */,
				140450D9260BEB6700359D6D /* APITokenManager.swift */,
			);
			path = Oauth;
			sourceTree = "<group>";
		};
		140450C4260ADC9600359D6D /* ViewController */ = {
			isa = PBXGroup;
			children = (
				140450C1260ADC8C00359D6D /* LoginViewController.swift */,
				140450ED260C1F9200359D6D /* StartViewController.swift */,
				140450F0260C2B4600359D6D /* ScannerViewController.swift */,
				140450F3260CEF3D00359D6D /* CommentsTableViewController.swift */,
			);
			path = ViewController;
			sourceTree = "<group>";
		};
		140450DD260BEE3B00359D6D /* Model */ = {
			isa = PBXGroup;
			children = (
				140450F7260CF74300359D6D /* Comment.swift */,
			);
			path = Model;
			sourceTree = "<group>";
		};
		140450E2260C0B0200359D6D /* Util */ = {
			isa = PBXGroup;
			children = (
				140450FC260D2C6500359D6D /* Extension */,
				140450E3260C0B3000359D6D /* DesignableView.swift */,
			);
			path = Util;
			sourceTree = "<group>";
		};
		140450FC260D2C6500359D6D /* Extension */ = {
			isa = PBXGroup;
			children = (
				14045127260EDEC100359D6D /* ViewControllerExtension.swift */,
			);
			path = Extension;
			sourceTree = "<group>";
		};
		14045111260E710F00359D6D /* View */ = {
			isa = PBXGroup;
			children = (
				1404510C260E70DF00359D6D /* CommentViewTableViewCell.swift */,
			);
			path = View;
			sourceTree = "<group>";
		};
		4C54C80886DFA8683C0E301D /* Frameworks */ = {
			isa = PBXGroup;
			children = (
				563F9DAD366A1204FDFDBDDA /* Pods_GistApp.framework */,
			);
			name = Frameworks;
			sourceTree = "<group>";
		};
		6C4BF4D159AC96DA638BAC95 /* Pods */ = {
			isa = PBXGroup;
			children = (
				6B2679F91720EDEA1F63D0EC /* Pods-GistApp.debug.xcconfig */,
				2749DD04A55CE45FB24476BC /* Pods-GistApp.release.xcconfig */,
			);
			path = Pods;
			sourceTree = "<group>";
		};
/* End PBXGroup section */

/* Begin PBXNativeTarget section */
		1404508F26096FA200359D6D /* GistApp */ = {
			isa = PBXNativeTarget;
			buildConfigurationList = 140450A426096FA700359D6D /* Build configuration list for PBXNativeTarget "GistApp" */;
			buildPhases = (
				976358CB2CD2B235EAB8E635 /* [CP] Check Pods Manifest.lock */,
				1404508C26096FA200359D6D /* Sources */,
				1404508D26096FA200359D6D /* Frameworks */,
				1404508E26096FA200359D6D /* Resources */,
				CF36D1DC152B84E64768D2E6 /* [CP] Embed Pods Frameworks */,
			);
			buildRules = (
			);
			dependencies = (
			);
			name = GistApp;
			productName = GistApp;
			productReference = 1404509026096FA300359D6D /* GistApp.app */;
			productType = "com.apple.product-type.application";
		};
/* End PBXNativeTarget section */

/* Begin PBXProject section */
		1404508826096FA200359D6D /* Project object */ = {
			isa = PBXProject;
			attributes = {
				LastSwiftUpdateCheck = 1240;
				LastUpgradeCheck = 1240;
				TargetAttributes = {
					1404508F26096FA200359D6D = {
						CreatedOnToolsVersion = 12.4;
					};
				};
			};
			buildConfigurationList = 1404508B26096FA200359D6D /* Build configuration list for PBXProject "GistApp" */;
			compatibilityVersion = "Xcode 9.3";
			developmentRegion = en;
			hasScannedForEncodings = 0;
			knownRegions = (
				en,
				Base,
			);
			mainGroup = 1404508726096FA200359D6D;
			productRefGroup = 1404509126096FA300359D6D /* Products */;
			projectDirPath = "";
			projectRoot = "";
			targets = (
				1404508F26096FA200359D6D /* GistApp */,
			);
		};
/* End PBXProject section */

/* Begin PBXResourcesBuildPhase section */
		1404508E26096FA200359D6D /* Resources */ = {
			isa = PBXResourcesBuildPhase;
			buildActionMask = 2147483647;
			files = (
				140450A026096FA700359D6D /* LaunchScreen.storyboard in Resources */,
				1404509D26096FA700359D6D /* Assets.xcassets in Resources */,
				1404509B26096FA300359D6D /* Main.storyboard in Resources */,
			);
			runOnlyForDeploymentPostprocessing = 0;
		};
/* End PBXResourcesBuildPhase section */

/* Begin PBXShellScriptBuildPhase section */
		976358CB2CD2B235EAB8E635 /* [CP] Check Pods Manifest.lock */ = {
			isa = PBXShellScriptBuildPhase;
			buildActionMask = 2147483647;
			files = (
			);
			inputFileListPaths = (
			);
			inputPaths = (
				"${PODS_PODFILE_DIR_PATH}/Podfile.lock",
				"${PODS_ROOT}/Manifest.lock",
			);
			name = "[CP] Check Pods Manifest.lock";
			outputFileListPaths = (
			);
			outputPaths = (
				"$(DERIVED_FILE_DIR)/Pods-GistApp-checkManifestLockResult.txt",
			);
			runOnlyForDeploymentPostprocessing = 0;
			shellPath = /bin/sh;
			shellScript = "diff \"${PODS_PODFILE_DIR_PATH}/Podfile.lock\" \"${PODS_ROOT}/Manifest.lock\" > /dev/null\nif [ $? != 0 ] ; then\n    # print error to STDERR\n    echo \"error: The sandbox is not in sync with the Podfile.lock. Run 'pod install' or update your CocoaPods installation.\" >&2\n    exit 1\nfi\n# This output is used by Xcode 'outputs' to avoid re-running this script phase.\necho \"SUCCESS\" > \"${SCRIPT_OUTPUT_FILE_0}\"\n";
			showEnvVarsInLog = 0;
		};
		CF36D1DC152B84E64768D2E6 /* [CP] Embed Pods Frameworks */ = {
			isa = PBXShellScriptBuildPhase;
			buildActionMask = 2147483647;
			files = (
			);
			inputFileListPaths = (
				"${PODS_ROOT}/Target Support Files/Pods-GistApp/Pods-GistApp-frameworks-${CONFIGURATION}-input-files.xcfilelist",
			);
			name = "[CP] Embed Pods Frameworks";
			outputFileListPaths = (
				"${PODS_ROOT}/Target Support Files/Pods-GistApp/Pods-GistApp-frameworks-${CONFIGURATION}-output-files.xcfilelist",
			);
			runOnlyForDeploymentPostprocessing = 0;
			shellPath = /bin/sh;
			shellScript = "\"${PODS_ROOT}/Target Support Files/Pods-GistApp/Pods-GistApp-frameworks.sh\"\n";
			showEnvVarsInLog = 0;
		};
/* End PBXShellScriptBuildPhase section */

/* Begin PBXSourcesBuildPhase section */
		1404508C26096FA200359D6D /* Sources */ = {
			isa = PBXSourcesBuildPhase;
			buildActionMask = 2147483647;
			files = (
				140450C2260ADC8C00359D6D /* LoginViewController.swift in Sources */,
				140450B8260AD59D00359D6D /* APIManager.swift in Sources */,
				140450F8260CF74300359D6D /* Comment.swift in Sources */,
				140450DA260BEB6700359D6D /* APITokenManager.swift in Sources */,
				140450D4260B8A4F00359D6D /* SecureStoreQueryable.swift in Sources */,
				140450BC260AD5F200359D6D /* APIConstants.swift in Sources */,
				140450F4260CEF3D00359D6D /* CommentsTableViewController.swift in Sources */,
				140450EE260C1F9200359D6D /* StartViewController.swift in Sources */,
				14045128260EDEC100359D6D /* ViewControllerExtension.swift in Sources */,
				1404509426096FA300359D6D /* AppDelegate.swift in Sources */,
				140450BF260AD6CE00359D6D /* APIAccessToken.swift in Sources */,
				1404509626096FA300359D6D /* SceneDelegate.swift in Sources */,
				140450EB260C155100359D6D /* APIRequestInterceptor.swift in Sources */,
				140450E8260C119400359D6D /* APIRouter.swift in Sources */,
				140450E4260C0B3000359D6D /* DesignableView.swift in Sources */,
				140450CE260B8A0F00359D6D /* SecureStore.swift in Sources */,
				140450DF260BF17D00359D6D /* APINetworkLogger.swift in Sources */,
				140450D1260B8A2C00359D6D /* SecureStoreError.swift in Sources */,
				140450F1260C2B4600359D6D /* ScannerViewController.swift in Sources */,
				1404510D260E70DF00359D6D /* CommentViewTableViewCell.swift in Sources */,
			);
			runOnlyForDeploymentPostprocessing = 0;
		};
/* End PBXSourcesBuildPhase section */

/* Begin PBXVariantGroup section */
		1404509926096FA300359D6D /* Main.storyboard */ = {
			isa = PBXVariantGroup;
			children = (
				1404509A26096FA300359D6D /* Base */,
			);
			name = Main.storyboard;
			sourceTree = "<group>";
		};
		1404509E26096FA700359D6D /* LaunchScreen.storyboard */ = {
			isa = PBXVariantGroup;
			children = (
				1404509F26096FA700359D6D /* Base */,
			);
			name = LaunchScreen.storyboard;
			sourceTree = "<group>";
		};
/* End PBXVariantGroup section */

/* Begin XCBuildConfiguration section */
		140450A226096FA700359D6D /* Debug */ = {
			isa = XCBuildConfiguration;
			buildSettings = {
				ALWAYS_SEARCH_USER_PATHS = NO;
				CLANG_ANALYZER_NONNULL = YES;
				CLANG_ANALYZER_NUMBER_OBJECT_CONVERSION = YES_AGGRESSIVE;
				CLANG_CXX_LANGUAGE_STANDARD = "gnu++14";
				CLANG_CXX_LIBRARY = "libc++";
				CLANG_ENABLE_MODULES = YES;
				CLANG_ENABLE_OBJC_ARC = YES;
				CLANG_ENABLE_OBJC_WEAK = YES;
				CLANG_WARN_BLOCK_CAPTURE_AUTORELEASING = YES;
				CLANG_WARN_BOOL_CONVERSION = YES;
				CLANG_WARN_COMMA = YES;
				CLANG_WARN_CONSTANT_CONVERSION = YES;
				CLANG_WARN_DEPRECATED_OBJC_IMPLEMENTATIONS = YES;
				CLANG_WARN_DIRECT_OBJC_ISA_USAGE = YES_ERROR;
				CLANG_WARN_DOCUMENTATION_COMMENTS = YES;
				CLANG_WARN_EMPTY_BODY = YES;
				CLANG_WARN_ENUM_CONVERSION = YES;
				CLANG_WARN_INFINITE_RECURSION = YES;
				CLANG_WARN_INT_CONVERSION = YES;
				CLANG_WARN_NON_LITERAL_NULL_CONVERSION = YES;
				CLANG_WARN_OBJC_IMPLICIT_RETAIN_SELF = YES;
				CLANG_WARN_OBJC_LITERAL_CONVERSION = YES;
				CLANG_WARN_OBJC_ROOT_CLASS = YES_ERROR;
				CLANG_WARN_QUOTED_INCLUDE_IN_FRAMEWORK_HEADER = YES;
				CLANG_WARN_RANGE_LOOP_ANALYSIS = YES;
				CLANG_WARN_STRICT_PROTOTYPES = YES;
				CLANG_WARN_SUSPICIOUS_MOVE = YES;
				CLANG_WARN_UNGUARDED_AVAILABILITY = YES_AGGRESSIVE;
				CLANG_WARN_UNREACHABLE_CODE = YES;
				CLANG_WARN__DUPLICATE_METHOD_MATCH = YES;
				COPY_PHASE_STRIP = NO;
				DEBUG_INFORMATION_FORMAT = dwarf;
				ENABLE_STRICT_OBJC_MSGSEND = YES;
				ENABLE_TESTABILITY = YES;
				GCC_C_LANGUAGE_STANDARD = gnu11;
				GCC_DYNAMIC_NO_PIC = NO;
				GCC_NO_COMMON_BLOCKS = YES;
				GCC_OPTIMIZATION_LEVEL = 0;
				GCC_PREPROCESSOR_DEFINITIONS = (
					"DEBUG=1",
					"$(inherited)",
				);
				GCC_WARN_64_TO_32_BIT_CONVERSION = YES;
				GCC_WARN_ABOUT_RETURN_TYPE = YES_ERROR;
				GCC_WARN_UNDECLARED_SELECTOR = YES;
				GCC_WARN_UNINITIALIZED_AUTOS = YES_AGGRESSIVE;
				GCC_WARN_UNUSED_FUNCTION = YES;
				GCC_WARN_UNUSED_VARIABLE = YES;
				IPHONEOS_DEPLOYMENT_TARGET = 14.4;
				MTL_ENABLE_DEBUG_INFO = INCLUDE_SOURCE;
				MTL_FAST_MATH = YES;
				ONLY_ACTIVE_ARCH = YES;
				SDKROOT = iphoneos;
				SWIFT_ACTIVE_COMPILATION_CONDITIONS = DEBUG;
				SWIFT_OPTIMIZATION_LEVEL = "-Onone";
			};
			name = Debug;
		};
		140450A326096FA700359D6D /* Release */ = {
			isa = XCBuildConfiguration;
			buildSettings = {
				ALWAYS_SEARCH_USER_PATHS = NO;
				CLANG_ANALYZER_NONNULL = YES;
				CLANG_ANALYZER_NUMBER_OBJECT_CONVERSION = YES_AGGRESSIVE;
				CLANG_CXX_LANGUAGE_STANDARD = "gnu++14";
				CLANG_CXX_LIBRARY = "libc++";
				CLANG_ENABLE_MODULES = YES;
				CLANG_ENABLE_OBJC_ARC = YES;
				CLANG_ENABLE_OBJC_WEAK = YES;
				CLANG_WARN_BLOCK_CAPTURE_AUTORELEASING = YES;
				CLANG_WARN_BOOL_CONVERSION = YES;
				CLANG_WARN_COMMA = YES;
				CLANG_WARN_CONSTANT_CONVERSION = YES;
				CLANG_WARN_DEPRECATED_OBJC_IMPLEMENTATIONS = YES;
				CLANG_WARN_DIRECT_OBJC_ISA_USAGE = YES_ERROR;
				CLANG_WARN_DOCUMENTATION_COMMENTS = YES;
				CLANG_WARN_EMPTY_BODY = YES;
				CLANG_WARN_ENUM_CONVERSION = YES;
				CLANG_WARN_INFINITE_RECURSION = YES;
				CLANG_WARN_INT_CONVERSION = YES;
				CLANG_WARN_NON_LITERAL_NULL_CONVERSION = YES;
				CLANG_WARN_OBJC_IMPLICIT_RETAIN_SELF = YES;
				CLANG_WARN_OBJC_LITERAL_CONVERSION = YES;
				CLANG_WARN_OBJC_ROOT_CLASS = YES_ERROR;
				CLANG_WARN_QUOTED_INCLUDE_IN_FRAMEWORK_HEADER = YES;
				CLANG_WARN_RANGE_LOOP_ANALYSIS = YES;
				CLANG_WARN_STRICT_PROTOTYPES = YES;
				CLANG_WARN_SUSPICIOUS_MOVE = YES;
				CLANG_WARN_UNGUARDED_AVAILABILITY = YES_AGGRESSIVE;
				CLANG_WARN_UNREACHABLE_CODE = YES;
				CLANG_WARN__DUPLICATE_METHOD_MATCH = YES;
				COPY_PHASE_STRIP = NO;
				DEBUG_INFORMATION_FORMAT = "dwarf-with-dsym";
				ENABLE_NS_ASSERTIONS = NO;
				ENABLE_STRICT_OBJC_MSGSEND = YES;
				GCC_C_LANGUAGE_STANDARD = gnu11;
				GCC_NO_COMMON_BLOCKS = YES;
				GCC_WARN_64_TO_32_BIT_CONVERSION = YES;
				GCC_WARN_ABOUT_RETURN_TYPE = YES_ERROR;
				GCC_WARN_UNDECLARED_SELECTOR = YES;
				GCC_WARN_UNINITIALIZED_AUTOS = YES_AGGRESSIVE;
				GCC_WARN_UNUSED_FUNCTION = YES;
				GCC_WARN_UNUSED_VARIABLE = YES;
				IPHONEOS_DEPLOYMENT_TARGET = 14.4;
				MTL_ENABLE_DEBUG_INFO = NO;
				MTL_FAST_MATH = YES;
				SDKROOT = iphoneos;
				SWIFT_COMPILATION_MODE = wholemodule;
				SWIFT_OPTIMIZATION_LEVEL = "-O";
				VALIDATE_PRODUCT = YES;
			};
			name = Release;
		};
		140450A526096FA700359D6D /* Debug */ = {
			isa = XCBuildConfiguration;
			baseConfigurationReference = 6B2679F91720EDEA1F63D0EC /* Pods-GistApp.debug.xcconfig */;
			buildSettings = {
				ASSETCATALOG_COMPILER_APPICON_NAME = AppIcon;
				ASSETCATALOG_COMPILER_GLOBAL_ACCENT_COLOR_NAME = AccentColor;
				CODE_SIGN_STYLE = Automatic;
				DEVELOPMENT_TEAM = W8L47TG474;
				INFOPLIST_FILE = GistApp/Info.plist;
				LD_RUNPATH_SEARCH_PATHS = (
					"$(inherited)",
					"@executable_path/Frameworks",
				);
				PRODUCT_BUNDLE_IDENTIFIER = br.com.systemsat;
				PRODUCT_NAME = "$(TARGET_NAME)";
				SWIFT_VERSION = 5.0;
				TARGETED_DEVICE_FAMILY = 1;
			};
			name = Debug;
		};
		140450A626096FA700359D6D /* Release */ = {
			isa = XCBuildConfiguration;
			baseConfigurationReference = 2749DD04A55CE45FB24476BC /* Pods-GistApp.release.xcconfig */;
			buildSettings = {
				ASSETCATALOG_COMPILER_APPICON_NAME = AppIcon;
				ASSETCATALOG_COMPILER_GLOBAL_ACCENT_COLOR_NAME = AccentColor;
				CODE_SIGN_STYLE = Automatic;
				DEVELOPMENT_TEAM = W8L47TG474;
				INFOPLIST_FILE = GistApp/Info.plist;
				LD_RUNPATH_SEARCH_PATHS = (
					"$(inherited)",
					"@executable_path/Frameworks",
				);
				PRODUCT_BUNDLE_IDENTIFIER = br.com.systemsat;
				PRODUCT_NAME = "$(TARGET_NAME)";
				SWIFT_VERSION = 5.0;
				TARGETED_DEVICE_FAMILY = 1;
			};
			name = Release;
		};
/* End XCBuildConfiguration section */

/* Begin XCConfigurationList section */
		1404508B26096FA200359D6D /* Build configuration list for PBXProject "GistApp" */ = {
			isa = XCConfigurationList;
			buildConfigurations = (
				140450A226096FA700359D6D /* Debug */,
				140450A326096FA700359D6D /* Release */,
			);
			defaultConfigurationIsVisible = 0;
			defaultConfigurationName = Release;
		};
		140450A426096FA700359D6D /* Build configuration list for PBXNativeTarget "GistApp" */ = {
			isa = XCConfigurationList;
			buildConfigurations = (
				140450A526096FA700359D6D /* Debug */,
				140450A626096FA700359D6D /* Release */,
			);
			defaultConfigurationIsVisible = 0;
			defaultConfigurationName = Release;
		};
/* End XCConfigurationList section */
	};
	rootObject = 1404508826096FA200359D6D /* Project object */;
}
